
Microsoft Visual Studio Solution File, Format Version 12.00
# Visual Studio Version 16
VisualStudioVersion = 16.0.30114.128
MinimumVisualStudioVersion = 10.0.40219.1
Project("{FAE04EC0-301F-11D3-BF4B-00C04F79EFBC}") = "AsyncSample", "AsyncSample\AsyncSample.csproj", "{9D44E6DF-3D4A-4DB1-8467-0AD985D26047}"
EndProject
Project("{FAE04EC0-301F-11D3-BF4B-00C04F79EFBC}") = "ServiceSample", "ServiceSample\ServiceSample.csproj", "{03D2C94C-C2C0-418F-9E2C-A670D0B0C077}"
EndProject
Project("{FAE04EC0-301F-11D3-BF4B-00C04F79EFBC}") = "ImplicitIntentSample", "ImplicitIntentSample\ImplicitIntentSample.csproj", "{22E77BDC-9C95-4DC3-9BD5-1F9C15B51E83}"
EndProject
Project("{FAE04EC0-301F-11D3-BF4B-00C04F79EFBC}") = "CameraIntentSample", "CameraIntentSample\CameraIntentSample.csproj", "{427DFFBC-1D77-4C28-83A5-9314B0A814E1}"
EndProject
Project("{FAE04EC0-301F-11D3-BF4B-00C04F79EFBC}") = "ToolbarSample", "ToolbarSample\ToolbarSample.csproj", "{2D402F00-FCF4-4926-9AEE-1479AA1C758C}"
EndProject
Project("{2150E333-8FDC-42A3-9474-1A3956D46DE8}") = "Solution Items", "Solution Items", "{249DE397-87B4-4E6A-A141-861287AFF713}"
	ProjectSection(SolutionItems) = preProject
		.editorconfig = .editorconfig
		.gitattributes = .gitattributes
		.gitignore = .gitignore
		README.md = README.md
	EndProjectSection
EndProject
Project("{FAE04EC0-301F-11D3-BF4B-00C04F79EFBC}") = "CoordinatorLayoutSample", "CoordinatorLayoutSample\CoordinatorLayoutSample.csproj", "{01D177CC-0A25-418D-A667-55609989A0B2}"
EndProject
Project("{FAE04EC0-301F-11D3-BF4B-00C04F79EFBC}") = "RecyclerViewSample", "RecyclerViewSample\RecyclerViewSample.csproj", "{6FAD3AE3-97C5-46D1-B278-ECEF0CBB6D9B}"
EndProject
Project("{FAE04EC0-301F-11D3-BF4B-00C04F79EFBC}") = "ViewSample", "ViewSample\ViewSample.csproj", "{C20B73CD-FC37-4EC7-BFED-8D88F1FE509A}"
EndProject
Project("{FAE04EC0-301F-11D3-BF4B-00C04F79EFBC}") = "HelloSample", "HelloSample\HelloSample.csproj", "{A30CB474-8343-435D-B0D2-BAF7E34B0B48}"
EndProject
Project("{FAE04EC0-301F-11D3-BF4B-00C04F79EFBC}") = "ListViewSample", "ListViewSample\ListViewSample.csproj", "{F58B00E4-5F8A-4A95-A324-7AA0AF5D4BD8}"
EndProject
Project("{FAE04EC0-301F-11D3-BF4B-00C04F79EFBC}") = "ListViewSample2", "ListViewSample2\ListViewSample2.csproj", "{B9C0AF7A-2FB6-4AE9-92F1-5A1EA1B30466}"
EndProject
Global
	GlobalSection(SolutionConfigurationPlatforms) = preSolution
		Debug|Any CPU = Debug|Any CPU
		Release|Any CPU = Release|Any CPU
	EndGlobalSection
	GlobalSection(ProjectConfigurationPlatforms) = postSolution
		{9D44E6DF-3D4A-4DB1-8467-0AD985D26047}.Debug|Any CPU.ActiveCfg = Debug|Any CPU
		{9D44E6DF-3D4A-4DB1-8467-0AD985D26047}.Debug|Any CPU.Build.0 = Debug|Any CPU
		{9D44E6DF-3D4A-4DB1-8467-0AD985D26047}.Debug|Any CPU.Deploy.0 = Debug|Any CPU
		{9D44E6DF-3D4A-4DB1-8467-0AD985D26047}.Release|Any CPU.ActiveCfg = Release|Any CPU
		{9D44E6DF-3D4A-4DB1-8467-0AD985D26047}.Release|Any CPU.Build.0 = Release|Any CPU
		{9D44E6DF-3D4A-4DB1-8467-0AD985D26047}.Release|Any CPU.Deploy.0 = Release|Any CPU
		{03D2C94C-C2C0-418F-9E2C-A670D0B0C077}.Debug|Any CPU.ActiveCfg = Debug|Any CPU
		{03D2C94C-C2C0-418F-9E2C-A670D0B0C077}.Debug|Any CPU.Build.0 = Debug|Any CPU
		{03D2C94C-C2C0-418F-9E2C-A670D0B0C077}.Debug|Any CPU.Deploy.0 = Debug|Any CPU
		{03D2C94C-C2C0-418F-9E2C-A670D0B0C077}.Release|Any CPU.ActiveCfg = Release|Any CPU
		{03D2C94C-C2C0-418F-9E2C-A670D0B0C077}.Release|Any CPU.Build.0 = Release|Any CPU
		{03D2C94C-C2C0-418F-9E2C-A670D0B0C077}.Release|Any CPU.Deploy.0 = Release|Any CPU
		{22E77BDC-9C95-4DC3-9BD5-1F9C15B51E83}.Debug|Any CPU.ActiveCfg = Debug|Any CPU
		{22E77BDC-9C95-4DC3-9BD5-1F9C15B51E83}.Debug|Any CPU.Build.0 = Debug|Any CPU
		{22E77BDC-9C95-4DC3-9BD5-1F9C15B51E83}.Debug|Any CPU.Deploy.0 = Debug|Any CPU
		{22E77BDC-9C95-4DC3-9BD5-1F9C15B51E83}.Release|Any CPU.ActiveCfg = Release|Any CPU
		{22E77BDC-9C95-4DC3-9BD5-1F9C15B51E83}.Release|Any CPU.Build.0 = Release|Any CPU
		{22E77BDC-9C95-4DC3-9BD5-1F9C15B51E83}.Release|Any CPU.Deploy.0 = Release|Any CPU
		{427DFFBC-1D77-4C28-83A5-9314B0A814E1}.Debug|Any CPU.ActiveCfg = Debug|Any CPU
		{427DFFBC-1D77-4C28-83A5-9314B0A814E1}.Debug|Any CPU.Build.0 = Debug|Any CPU
		{427DFFBC-1D77-4C28-83A5-9314B0A814E1}.Debug|Any CPU.Deploy.0 = Debug|Any CPU
		{427DFFBC-1D77-4C28-83A5-9314B0A814E1}.Release|Any CPU.ActiveCfg = Release|Any CPU
		{427DFFBC-1D77-4C28-83A5-9314B0A814E1}.Release|Any CPU.Build.0 = Release|Any CPU
		{427DFFBC-1D77-4C28-83A5-9314B0A814E1}.Release|Any CPU.Deploy.0 = Release|Any CPU
		{2D402F00-FCF4-4926-9AEE-1479AA1C758C}.Debug|Any CPU.ActiveCfg = Debug|Any CPU
		{2D402F00-FCF4-4926-9AEE-1479AA1C758C}.Debug|Any CPU.Build.0 = Debug|Any CPU
		{2D402F00-FCF4-4926-9AEE-1479AA1C758C}.Debug|Any CPU.Deploy.0 = Debug|Any CPU
		{2D402F00-FCF4-4926-9AEE-1479AA1C758C}.Release|Any CPU.ActiveCfg = Release|Any CPU
		{2D402F00-FCF4-4926-9AEE-1479AA1C758C}.Release|Any CPU.Build.0 = Release|Any CPU
		{2D402F00-FCF4-4926-9AEE-1479AA1C758C}.Release|Any CPU.Deploy.0 = Release|Any CPU
		{01D177CC-0A25-418D-A667-55609989A0B2}.Debug|Any CPU.ActiveCfg = Debug|Any CPU
		{01D177CC-0A25-418D-A667-55609989A0B2}.Debug|Any CPU.Build.0 = Debug|Any CPU
		{01D177CC-0A25-418D-A667-55609989A0B2}.Debug|Any CPU.Deploy.0 = Debug|Any CPU
		{01D177CC-0A25-418D-A667-55609989A0B2}.Release|Any CPU.ActiveCfg = Release|Any CPU
		{01D177CC-0A25-418D-A667-55609989A0B2}.Release|Any CPU.Build.0 = Release|Any CPU
		{01D177CC-0A25-418D-A667-55609989A0B2}.Release|Any CPU.Deploy.0 = Release|Any CPU
		{6FAD3AE3-97C5-46D1-B278-ECEF0CBB6D9B}.Debug|Any CPU.ActiveCfg = Debug|Any CPU
		{6FAD3AE3-97C5-46D1-B278-ECEF0CBB6D9B}.Debug|Any CPU.Build.0 = Debug|Any CPU
		{6FAD3AE3-97C5-46D1-B278-ECEF0CBB6D9B}.Debug|Any CPU.Deploy.0 = Debug|Any CPU
		{6FAD3AE3-97C5-46D1-B278-ECEF0CBB6D9B}.Release|Any CPU.ActiveCfg = Release|Any CPU
		{6FAD3AE3-97C5-46D1-B278-ECEF0CBB6D9B}.Release|Any CPU.Build.0 = Release|Any CPU
		{6FAD3AE3-97C5-46D1-B278-ECEF0CBB6D9B}.Release|Any CPU.Deploy.0 = Release|Any CPU
		{C20B73CD-FC37-4EC7-BFED-8D88F1FE509A}.Debug|Any CPU.ActiveCfg = Debug|Any CPU
		{C20B73CD-FC37-4EC7-BFED-8D88F1FE509A}.Debug|Any CPU.Build.0 = Debug|Any CPU
		{C20B73CD-FC37-4EC7-BFED-8D88F1FE509A}.Debug|Any CPU.Deploy.0 = Debug|Any CPU
		{C20B73CD-FC37-4EC7-BFED-8D88F1FE509A}.Release|Any CPU.ActiveCfg = Release|Any CPU
		{C20B73CD-FC37-4EC7-BFED-8D88F1FE509A}.Release|Any CPU.Build.0 = Release|Any CPU
		{C20B73CD-FC37-4EC7-BFED-8D88F1FE509A}.Release|Any CPU.Deploy.0 = Release|Any CPU
		{A30CB474-8343-435D-B0D2-BAF7E34B0B48}.Debug|Any CPU.ActiveCfg = Debug|Any CPU
		{A30CB474-8343-435D-B0D2-BAF7E34B0B48}.Debug|Any CPU.Build.0 = Debug|Any CPU
		{A30CB474-8343-435D-B0D2-BAF7E34B0B48}.Debug|Any CPU.Deploy.0 = Debug|Any CPU
		{A30CB474-8343-435D-B0D2-BAF7E34B0B48}.Release|Any CPU.ActiveCfg = Release|Any CPU
		{A30CB474-8343-435D-B0D2-BAF7E34B0B48}.Release|Any CPU.Build.0 = Release|Any CPU
		{A30CB474-8343-435D-B0D2-BAF7E34B0B48}.Release|Any CPU.Deploy.0 = Release|Any CPU
		{F58B00E4-5F8A-4A95-A324-7AA0AF5D4BD8}.Debug|Any CPU.ActiveCfg = Debug|Any CPU
		{F58B00E4-5F8A-4A95-A324-7AA0AF5D4BD8}.Debug|Any CPU.Build.0 = Debug|Any CPU
		{F58B00E4-5F8A-4A95-A324-7AA0AF5D4BD8}.Debug|Any CPU.Deploy.0 = Debug|Any CPU
		{F58B00E4-5F8A-4A95-A324-7AA0AF5D4BD8}.Release|Any CPU.ActiveCfg = Release|Any CPU
		{F58B00E4-5F8A-4A95-A324-7AA0AF5D4BD8}.Release|Any CPU.Build.0 = Release|Any CPU
		{F58B00E4-5F8A-4A95-A324-7AA0AF5D4BD8}.Release|Any CPU.Deploy.0 = Release|Any CPU
		{B9C0AF7A-2FB6-4AE9-92F1-5A1EA1B30466}.Debug|Any CPU.ActiveCfg = Debug|Any CPU
		{B9C0AF7A-2FB6-4AE9-92F1-5A1EA1B30466}.Debug|Any CPU.Build.0 = Debug|Any CPU
		{B9C0AF7A-2FB6-4AE9-92F1-5A1EA1B30466}.Debug|Any CPU.Deploy.0 = Debug|Any CPU
		{B9C0AF7A-2FB6-4AE9-92F1-5A1EA1B30466}.Release|Any CPU.ActiveCfg = Release|Any CPU
		{B9C0AF7A-2FB6-4AE9-92F1-5A1EA1B30466}.Release|Any CPU.Build.0 = Release|Any CPU
		{B9C0AF7A-2FB6-4AE9-92F1-5A1EA1B30466}.Release|Any CPU.Deploy.0 = Release|Any CPU
	EndGlobalSection
	GlobalSection(SolutionProperties) = preSolution
		HideSolutionNode = FALSE
	EndGlobalSection
	GlobalSection(ExtensibilityGlobals) = postSolution
		SolutionGuid = {1718424E-511F-4913-BEFC-6FB447F45A51}
	EndGlobalSection
EndGlobal
